
Microsoft Visual Studio Solution File, Format Version 12.00
# Visual Studio Version 17
VisualStudioVersion = 17.9.34723.18
MinimumVisualStudioVersion = 10.0.40219.1
Project("{9A19103F-16F7-4668-BE54-9A1E7A4F7556}") = "Unik.Infrastructure", "Unik.Infrastructure\Unik.Infrastructure.csproj", "{F12D1983-3E75-48F8-A333-313C0A5EC09D}"
EndProject
Project("{2150E333-8FDC-42A3-9474-1A3956D46DE8}") = "Features", "Features", "{58654469-B4BD-45CD-8A63-7A3CEFD24D0E}"
EndProject
Project("{9A19103F-16F7-4668-BE54-9A1E7A4F7556}") = "Unik.Application", "Unik.Application\Unik.Application.csproj", "{A5E61267-A6FF-47C5-903D-12395F4028AB}"
EndProject
Project("{9A19103F-16F7-4668-BE54-9A1E7A4F7556}") = "WebAppFront", "WebAppFront\WebAppFront.csproj", "{153D9BF5-BA80-47F7-83D4-5DD1B7D8091B}"
EndProject
Project("{9A19103F-16F7-4668-BE54-9A1E7A4F7556}") = "FrontConnectLibrary", "FrontConnectLibrary\FrontConnectLibrary.csproj", "{1E125036-B385-459F-9472-D7F0F3360B88}"
EndProject
Project("{9A19103F-16F7-4668-BE54-9A1E7A4F7556}") = "CrossCut", "Shared\CrossCut.csproj", "{3B58540D-61E4-47CC-B80C-878AD62B1A97}"
EndProject
Project("{E53339B2-1760-4266-BCC7-CA923CBCF16C}") = "docker-compose", "docker-compose.dcproj", "{97DEFEC5-9AAB-4ADC-9DAC-620588929CC2}"
EndProject
Project("{9A19103F-16F7-4668-BE54-9A1E7A4F7556}") = "BackendApi", "BackendApi\BackendApi.csproj", "{D887B33A-E7E9-41F9-804A-A83C4D51A1FA}"
EndProject
Project("{9A19103F-16F7-4668-BE54-9A1E7A4F7556}") = "WebAppUserContext", "WebAppUserContext\WebAppUserContext.csproj", "{3F5DF492-5C1A-4EC2-8243-161603FC306C}"
EndProject
Project("{9A19103F-16F7-4668-BE54-9A1E7A4F7556}") = "WebAppUserContext.Migrations", "WebAppUserContext.Migrations\WebAppUserContext.Migrations.csproj", "{8F10B880-7128-4B4C-85F7-78FBCE0D4914}"
EndProject
Project("{9A19103F-16F7-4668-BE54-9A1E7A4F7556}") = "SqlServerContext", "SqlServerContext\SqlServerContext.csproj", "{A4AB9AD7-DD84-40B8-A192-D519713D0DDA}"
EndProject
Project("{9A19103F-16F7-4668-BE54-9A1E7A4F7556}") = "SqlServerContext.Migrations", "SqlServerContext.Migrations\SqlServerContext.Migrations.csproj", "{FB0D35FD-8B09-4666-9E44-FDAF66EA3AB3}"
EndProject
Project("{9A19103F-16F7-4668-BE54-9A1E7A4F7556}") = "Unik.Domain", "Unik.Domain\Unik.Domain.csproj", "{3AEBB3C0-13EC-46A7-81EC-9BAD811C4519}"
EndProject
Project("{9A19103F-16F7-4668-BE54-9A1E7A4F7556}") = "ArchitectureTests", "ArchitectureTests\ArchitectureTests.csproj", "{39F1BF1A-09F7-4C02-87D8-02C4A66FD824}"
EndProject
Global
	GlobalSection(SolutionConfigurationPlatforms) = preSolution
		Debug|Any CPU = Debug|Any CPU
		Release|Any CPU = Release|Any CPU
	EndGlobalSection
	GlobalSection(ProjectConfigurationPlatforms) = postSolution
		{F12D1983-3E75-48F8-A333-313C0A5EC09D}.Debug|Any CPU.ActiveCfg = Debug|Any CPU
		{F12D1983-3E75-48F8-A333-313C0A5EC09D}.Debug|Any CPU.Build.0 = Debug|Any CPU
		{F12D1983-3E75-48F8-A333-313C0A5EC09D}.Release|Any CPU.ActiveCfg = Release|Any CPU
		{F12D1983-3E75-48F8-A333-313C0A5EC09D}.Release|Any CPU.Build.0 = Release|Any CPU
		{A5E61267-A6FF-47C5-903D-12395F4028AB}.Debug|Any CPU.ActiveCfg = Debug|Any CPU
		{A5E61267-A6FF-47C5-903D-12395F4028AB}.Debug|Any CPU.Build.0 = Debug|Any CPU
		{A5E61267-A6FF-47C5-903D-12395F4028AB}.Release|Any CPU.ActiveCfg = Release|Any CPU
		{A5E61267-A6FF-47C5-903D-12395F4028AB}.Release|Any CPU.Build.0 = Release|Any CPU
		{153D9BF5-BA80-47F7-83D4-5DD1B7D8091B}.Debug|Any CPU.ActiveCfg = Debug|Any CPU
		{153D9BF5-BA80-47F7-83D4-5DD1B7D8091B}.Debug|Any CPU.Build.0 = Debug|Any CPU
		{153D9BF5-BA80-47F7-83D4-5DD1B7D8091B}.Release|Any CPU.ActiveCfg = Release|Any CPU
		{153D9BF5-BA80-47F7-83D4-5DD1B7D8091B}.Release|Any CPU.Build.0 = Release|Any CPU
		{1E125036-B385-459F-9472-D7F0F3360B88}.Debug|Any CPU.ActiveCfg = Debug|Any CPU
		{1E125036-B385-459F-9472-D7F0F3360B88}.Debug|Any CPU.Build.0 = Debug|Any CPU
		{1E125036-B385-459F-9472-D7F0F3360B88}.Release|Any CPU.ActiveCfg = Release|Any CPU
		{1E125036-B385-459F-9472-D7F0F3360B88}.Release|Any CPU.Build.0 = Release|Any CPU
		{3B58540D-61E4-47CC-B80C-878AD62B1A97}.Debug|Any CPU.ActiveCfg = Debug|Any CPU
		{3B58540D-61E4-47CC-B80C-878AD62B1A97}.Debug|Any CPU.Build.0 = Debug|Any CPU
		{3B58540D-61E4-47CC-B80C-878AD62B1A97}.Release|Any CPU.ActiveCfg = Release|Any CPU
		{3B58540D-61E4-47CC-B80C-878AD62B1A97}.Release|Any CPU.Build.0 = Release|Any CPU
		{97DEFEC5-9AAB-4ADC-9DAC-620588929CC2}.Debug|Any CPU.ActiveCfg = Debug|Any CPU
		{97DEFEC5-9AAB-4ADC-9DAC-620588929CC2}.Debug|Any CPU.Build.0 = Debug|Any CPU
		{97DEFEC5-9AAB-4ADC-9DAC-620588929CC2}.Release|Any CPU.ActiveCfg = Release|Any CPU
		{97DEFEC5-9AAB-4ADC-9DAC-620588929CC2}.Release|Any CPU.Build.0 = Release|Any CPU
		{D887B33A-E7E9-41F9-804A-A83C4D51A1FA}.Debug|Any CPU.ActiveCfg = Debug|Any CPU
		{D887B33A-E7E9-41F9-804A-A83C4D51A1FA}.Debug|Any CPU.Build.0 = Debug|Any CPU
		{D887B33A-E7E9-41F9-804A-A83C4D51A1FA}.Release|Any CPU.ActiveCfg = Release|Any CPU
		{D887B33A-E7E9-41F9-804A-A83C4D51A1FA}.Release|Any CPU.Build.0 = Release|Any CPU
		{3F5DF492-5C1A-4EC2-8243-161603FC306C}.Debug|Any CPU.ActiveCfg = Debug|Any CPU
		{3F5DF492-5C1A-4EC2-8243-161603FC306C}.Debug|Any CPU.Build.0 = Debug|Any CPU
		{3F5DF492-5C1A-4EC2-8243-161603FC306C}.Release|Any CPU.ActiveCfg = Release|Any CPU
		{3F5DF492-5C1A-4EC2-8243-161603FC306C}.Release|Any CPU.Build.0 = Release|Any CPU
		{8F10B880-7128-4B4C-85F7-78FBCE0D4914}.Debug|Any CPU.ActiveCfg = Debug|Any CPU
		{8F10B880-7128-4B4C-85F7-78FBCE0D4914}.Debug|Any CPU.Build.0 = Debug|Any CPU
		{8F10B880-7128-4B4C-85F7-78FBCE0D4914}.Release|Any CPU.ActiveCfg = Release|Any CPU
		{8F10B880-7128-4B4C-85F7-78FBCE0D4914}.Release|Any CPU.Build.0 = Release|Any CPU
		{A4AB9AD7-DD84-40B8-A192-D519713D0DDA}.Debug|Any CPU.ActiveCfg = Debug|Any CPU
		{A4AB9AD7-DD84-40B8-A192-D519713D0DDA}.Debug|Any CPU.Build.0 = Debug|Any CPU
		{A4AB9AD7-DD84-40B8-A192-D519713D0DDA}.Release|Any CPU.ActiveCfg = Release|Any CPU
		{A4AB9AD7-DD84-40B8-A192-D519713D0DDA}.Release|Any CPU.Build.0 = Release|Any CPU
		{FB0D35FD-8B09-4666-9E44-FDAF66EA3AB3}.Debug|Any CPU.ActiveCfg = Debug|Any CPU
		{FB0D35FD-8B09-4666-9E44-FDAF66EA3AB3}.Debug|Any CPU.Build.0 = Debug|Any CPU
		{FB0D35FD-8B09-4666-9E44-FDAF66EA3AB3}.Release|Any CPU.ActiveCfg = Release|Any CPU
		{FB0D35FD-8B09-4666-9E44-FDAF66EA3AB3}.Release|Any CPU.Build.0 = Release|Any CPU
		{3AEBB3C0-13EC-46A7-81EC-9BAD811C4519}.Debug|Any CPU.ActiveCfg = Debug|Any CPU
		{3AEBB3C0-13EC-46A7-81EC-9BAD811C4519}.Debug|Any CPU.Build.0 = Debug|Any CPU
		{3AEBB3C0-13EC-46A7-81EC-9BAD811C4519}.Release|Any CPU.ActiveCfg = Release|Any CPU
		{3AEBB3C0-13EC-46A7-81EC-9BAD811C4519}.Release|Any CPU.Build.0 = Release|Any CPU
		{39F1BF1A-09F7-4C02-87D8-02C4A66FD824}.Debug|Any CPU.ActiveCfg = Debug|Any CPU
		{39F1BF1A-09F7-4C02-87D8-02C4A66FD824}.Debug|Any CPU.Build.0 = Debug|Any CPU
		{39F1BF1A-09F7-4C02-87D8-02C4A66FD824}.Release|Any CPU.ActiveCfg = Release|Any CPU
		{39F1BF1A-09F7-4C02-87D8-02C4A66FD824}.Release|Any CPU.Build.0 = Release|Any CPU
	EndGlobalSection
	GlobalSection(SolutionProperties) = preSolution
		HideSolutionNode = FALSE
	EndGlobalSection
	GlobalSection(NestedProjects) = preSolution
		{F12D1983-3E75-48F8-A333-313C0A5EC09D} = {58654469-B4BD-45CD-8A63-7A3CEFD24D0E}
		{A5E61267-A6FF-47C5-903D-12395F4028AB} = {58654469-B4BD-45CD-8A63-7A3CEFD24D0E}
		{3B58540D-61E4-47CC-B80C-878AD62B1A97} = {58654469-B4BD-45CD-8A63-7A3CEFD24D0E}
		{3AEBB3C0-13EC-46A7-81EC-9BAD811C4519} = {58654469-B4BD-45CD-8A63-7A3CEFD24D0E}
	EndGlobalSection
	GlobalSection(ExtensibilityGlobals) = postSolution
		SolutionGuid = {93901244-EF94-4D90-8134-73C9BA71CA20}
	EndGlobalSection
EndGlobal
